dependencies:
- name: postgresql
  repository: https://charts.bitnami.com/bitnami
  version: 18.7.11
- name: nats
  repository: https://nats-io.github.io/k8s/helm/charts
  version: 2.14.2
digest: sha256:c8f59b6521e038a6f6c8547d1ba92809e5d1d48aef5d4d46e78d722ab4681822
generated: "2026-07-03T15:58:54.846214-04:00"
