dependencies:
- name: postgresql
  repository: https://charts.bitnami.com/bitnami
  version: 18.7.11
- name: nats
  repository: https://nats-io.github.io/k8s/helm/charts
  version: 2.14.2
- name: zitadel
  repository: https://charts.zitadel.com
  version: 10.0.4
digest: sha256:4904a17ea42521c9f698ac94d55d06a2e5dc8aad801d8c7eed6c6d39353ade1f
generated: "2026-08-13T08:41:30.594141-04:00"
